
Microsoft Visual Studio Solution File, Format Version 12.00
# Visual Studio Version 17
VisualStudioVersion = 17.11.35431.28
MinimumVisualStudioVersion = 10.0.40219.1
Project("{888888A0-9F3D-457C-B088-3A5042F75D52}") = "Parsing_bot_grinding", "Parsing_bot_grinding.pyproj", "{1199FEE0-335C-413B-B225-7EA1218FCABA}"
EndProject
Global
	GlobalSection(SolutionConfigurationPlatforms) = preSolution
		Debug|Any CPU = Debug|Any CPU
		Release|Any CPU = Release|Any CPU
	EndGlobalSection
	GlobalSection(ProjectConfigurationPlatforms) = postSolution
		{1199FEE0-335C-413B-B225-7EA1218FCABA}.Debug|Any CPU.ActiveCfg = Debug|Any CPU
		{1199FEE0-335C-413B-B225-7EA1218FCABA}.Release|Any CPU.ActiveCfg = Release|Any CPU
	EndGlobalSection
	GlobalSection(SolutionProperties) = preSolution
		HideSolutionNode = FALSE
	EndGlobalSection
	GlobalSection(ExtensibilityGlobals) = postSolution
		SolutionGuid = {8746DDA2-212E-467E-BB80-40B90A2DF61D}
	EndGlobalSection
EndGlobal
